
Microsoft Visual Studio Solution File, Format Version 12.00
# Visual Studio Version 16
VisualStudioVersion = 16.0.30717.126
MinimumVisualStudioVersion = 10.0.40219.1
Project("{FAE04EC0-301F-11D3-BF4B-00C04F79EFBC}") = "MyFirstApp", "MyFirstApp.csproj", "{FAAC7107-D468-4FEF-8A0E-7788EADA9C71}"
EndProject
Global
	GlobalSection(SolutionConfigurationPlatforms) = preSolution
		Debug|Any CPU = Debug|Any CPU
		Release|Any CPU = Release|Any CPU
	EndGlobalSection
	GlobalSection(ProjectConfigurationPlatforms) = postSolution
		{FAAC7107-D468-4FEF-8A0E-7788EADA9C71}.Debug|Any CPU.ActiveCfg = Debug|Any CPU
		{FAAC7107-D468-4FEF-8A0E-7788EADA9C71}.Debug|Any CPU.Build.0 = Debug|Any CPU
		{FAAC7107-D468-4FEF-8A0E-7788EADA9C71}.Release|Any CPU.ActiveCfg = Release|Any CPU
		{FAAC7107-D468-4FEF-8A0E-7788EADA9C71}.Release|Any CPU.Build.0 = Release|Any CPU
	EndGlobalSection
	GlobalSection(SolutionProperties) = preSolution
		HideSolutionNode = FALSE
	EndGlobalSection
	GlobalSection(ExtensibilityGlobals) = postSolution
		SolutionGuid = {FBF38C8C-B5EC-4BFA-BDD0-E9CC6D2A021B}
	EndGlobalSection
EndGlobal
